{
  "name": "blackframeai",
  "version": "1.0.0",
  "lockfileVersion": 3,
  "requires": true,
  "packages": {
    "": {
      "name": "blackframeai",
      "version": "1.0.0",
      "license": "MIT",
      "dependencies": {
        "@11ty/eleventy": "^2.0.1",
        "@11ty/eleventy-plugin-rss": "^1.2.0",
        "@11ty/eleventy-plugin-syntaxhighlight": "^5.0.0"
      }
    }
  }
}
